// !$*UTF8*$!
{
	archiveVersion = 1;
	classes = {
	};
	objectVersion = 46;
	objects = {

/* Begin PBXBuildFile section */
		5BC189D818F4E91200DFD0F0 /* Foundation.framework in Frameworks */ = {isa = PBXBuildFile; fileRef = 5BC189D718F4E91200DFD0F0 /* Foundation.framework */; };
		5BC189DA18F4E91200DFD0F0 /* CoreGraphics.framework in Frameworks */ = {isa = PBXBuildFile; fileRef = 5BC189D918F4E91200DFD0F0 /* CoreGraphics.framework */; };
		5BC189DC18F4E91200DFD0F0 /* UIKit.framework in Frameworks */ = {isa = PBXBuildFile; fileRef = 5BC189DB18F4E91200DFD0F0 /* UIKit.framework */; };
		5BC189E218F4E91200DFD0F0 /* InfoPlist.strings in Resources */ = {isa = PBXBuildFile; fileRef = 5BC189E018F4E91200DFD0F0 /* InfoPlist.strings */; };
		5BC189E418F4E91200DFD0F0 /* main.m in Sources */ = {isa = PBXBuildFile; fileRef = 5BC189E318F4E91200DFD0F0 /* main.m */; };
		5BC189E818F4E91200DFD0F0 /* ABAppDelegate.m in Sources */ = {isa = PBXBuildFile; fileRef = 5BC189E718F4E91200DFD0F0 /* ABAppDelegate.m */; };
		5BC189EB18F4E91200DFD0F0 /* Main.storyboard in Resources */ = {isa = PBXBuildFile; fileRef = 5BC189E918F4E91200DFD0F0 /* Main.storyboard */; };
		5BC189EE18F4E91200DFD0F0 /* ABViewController.m in Sources */ = {isa = PBXBuildFile; fileRef = 5BC189ED18F4E91200DFD0F0 /* ABViewController.m */; };
		5BC189F018F4E91200DFD0F0 /* Images.xcassets in Resources */ = {isa = PBXBuildFile; fileRef = 5BC189EF18F4E91200DFD0F0 /* Images.xcassets */; };
		5BC189F718F4E91200DFD0F0 /* XCTest.framework in Frameworks */ = {isa = PBXBuildFile; fileRef = 5BC189F618F4E91200DFD0F0 /* XCTest.framework */; };
		5BC189F818F4E91200DFD0F0 /* Foundation.framework in Frameworks */ = {isa = PBXBuildFile; fileRef = 5BC189D718F4E91200DFD0F0 /* Foundation.framework */; };
		5BC189F918F4E91200DFD0F0 /* UIKit.framework in Frameworks */ = {isa = PBXBuildFile; fileRef = 5BC189DB18F4E91200DFD0F0 /* UIKit.framework */; };
		5BC18A0118F4E91200DFD0F0 /* InfoPlist.strings in Resources */ = {isa = PBXBuildFile; fileRef = 5BC189FF18F4E91200DFD0F0 /* InfoPlist.strings */; };
		5BC18A0318F4E91200DFD0F0 /* CrystalBallTests.m in Sources */ = {isa = PBXBuildFile; fileRef = 5BC18A0218F4E91200DFD0F0 /* CrystalBallTests.m */; };
		5BC18A0E18F5098000DFD0F0 /* ABCrystalBall.m in Sources */ = {isa = PBXBuildFile; fileRef = 5BC18A0D18F5098000DFD0F0 /* ABCrystalBall.m */; };
/* End PBXBuildFile section */

/* Begin PBXContainerItemProxy section */
		5BC189FA18F4E91200DFD0F0 /* PBXContainerItemProxy */ = {
			isa = PBXContainerItemProxy;
			containerPortal = 5BC189CC18F4E91200DFD0F0 /* Project object */;
			proxyType = 1;
			remoteGlobalIDString = 5BC189D318F4E91200DFD0F0;
			remoteInfo = CrystalBall;
		};
/* End PBXContainerItemProxy section */

/* Begin PBXFileReference section */
		5BC189D418F4E91200DFD0F0 /* CrystalBall.app */ = {isa = PBXFileReference; explicitFileType = wrapper.application; includeInIndex = 0; path = CrystalBall.app; sourceTree = BUILT_PRODUCTS_DIR; };
		5BC189D718F4E91200DFD0F0 /* Foundation.framework */ = {isa = PBXFileReference; lastKnownFileType = wrapper.framework; name = Foundation.framework; path = System/Library/Frameworks/Foundation.framework; sourceTree = SDKROOT; };
		5BC189D918F4E91200DFD0F0 /* CoreGraphics.framework */ = {isa = PBXFileReference; lastKnownFileType = wrapper.framework; name = CoreGraphics.framework; path = System/Library/Frameworks/CoreGraphics.framework; sourceTree = SDKROOT; };
		5BC189DB18F4E91200DFD0F0 /* UIKit.framework */ = {isa = PBXFileReference; lastKnownFileType = wrapper.framework; name = UIKit.framework; path = System/Library/Frameworks/UIKit.framework; sourceTree = SDKROOT; };
		5BC189DF18F4E91200DFD0F0 /* CrystalBall-Info.plist */ = {isa = PBXFileReference; lastKnownFileType = text.plist.xml; path = "CrystalBall-Info.plist"; sourceTree = "<group>"; };
		5BC189E118F4E91200DFD0F0 /* en */ = {isa = PBXFileReference; lastKnownFileType = text.plist.strings; name = en; path = en.lproj/InfoPlist.strings; sourceTree = "<group>"; };
		5BC189E318F4E91200DFD0F0 /* main.m */ = {isa = PBXFileReference; lastKnownFileType = sourcecode.c.objc; path = main.m; sourceTree = "<group>"; };
		5BC189E518F4E91200DFD0F0 /* CrystalBall-Prefix.pch */ = {isa = PBXFileReference; lastKnownFileType = sourcecode.c.h; path = "CrystalBall-Prefix.pch"; sourceTree = "<group>"; };
		5BC189E618F4E91200DFD0F0 /* ABAppDelegate.h */ = {isa = PBXFileReference; lastKnownFileType = sourcecode.c.h; path = ABAppDelegate.h; sourceTree = "<group>"; };
		5BC189E718F4E91200DFD0F0 /* ABAppDelegate.m */ = {isa = PBXFileReference; lastKnownFileType = sourcecode.c.objc; path = ABAppDelegate.m; sourceTree = "<group>"; };
		5BC189EA18F4E91200DFD0F0 /* Base */ = {isa = PBXFileReference; lastKnownFileType = file.storyboard; name = Base; path = Base.lproj/Main.storyboard; sourceTree = "<group>"; };
		5BC189EC18F4E91200DFD0F0 /* ABViewController.h */ = {isa = PBXFileReference; lastKnownFileType = sourcecode.c.h; path = ABViewController.h; sourceTree = "<group>"; };
		5BC189ED18F4E91200DFD0F0 /* ABViewController.m */ = {isa = PBXFileReference; lastKnownFileType = sourcecode.c.objc; path = ABViewController.m; sourceTree = "<group>"; };
		5BC189EF18F4E91200DFD0F0 /* Images.xcassets */ = {isa = PBXFileReference; lastKnownFileType = folder.assetcatalog; path = Images.xcassets; sourceTree = "<group>"; };
		5BC189F518F4E91200DFD0F0 /* CrystalBallTests.xctest */ = {isa = PBXFileReference; explicitFileType = wrapper.cfbundle; includeInIndex = 0; path = CrystalBallTests.xctest; sourceTree = BUILT_PRODUCTS_DIR; };
		5BC189F618F4E91200DFD0F0 /* XCTest.framework */ = {isa = PBXFileReference; lastKnownFileType = wrapper.framework; name = XCTest.framework; path = Library/Frameworks/XCTest.framework; sourceTree = DEVELOPER_DIR; };
		5BC189FE18F4E91200DFD0F0 /* CrystalBallTests-Info.plist */ = {isa = PBXFileReference; lastKnownFileType = text.plist.xml; path = "CrystalBallTests-Info.plist"; sourceTree = "<group>"; };
		5BC18A0018F4E91200DFD0F0 /* en */ = {isa = PBXFileReference; lastKnownFileType = text.plist.strings; name = en; path = en.lproj/InfoPlist.strings; sourceTree = "<group>"; };
		5BC18A0218F4E91200DFD0F0 /* CrystalBallTests.m */ = {isa = PBXFileReference; lastKnownFileType = sourcecode.c.objc; path = CrystalBallTests.m; sourceTree = "<group>"; };
		5BC18A0C18F5098000DFD0F0 /* ABCrystalBall.h */ = {isa = PBXFileReference; fileEncoding = 4; lastKnownFileType = sourcecode.c.h; path = ABCrystalBall.h; sourceTree = "<group>"; };
		5BC18A0D18F5098000DFD0F0 /* ABCrystalBall.m */ = {isa = PBXFileReference; fileEncoding = 4; lastKnownFileType = sourcecode.c.objc; path = ABCrystalBall.m; sourceTree = "<group>"; };
/* End PBXFileReference section */

/* Begin PBXFrameworksBuildPhase section */
		5BC189D118F4E91200DFD0F0 /* Frameworks */ = {
			isa = PBXFrameworksBuildPhase;
			buildActionMask = 2147483647;
			files = (
				5BC189DA18F4E91200DFD0F0 /* CoreGraphics.framework in Frameworks */,
				5BC189DC18F4E91200DFD0F0 /* UIKit.framework in Frameworks */,
				5BC189D818F4E91200DFD0F0 /* Foundation.framework in Frameworks */,
			);
			runOnlyForDeploymentPostprocessing = 0;
		};
		5BC189F218F4E91200DFD0F0 /* Frameworks */ = {
			isa = PBXFrameworksBuildPhase;
			buildActionMask = 2147483647;
			files = (
				5BC189F718F4E91200DFD0F0 /* XCTest.framework in Frameworks */,
				5BC189F918F4E91200DFD0F0 /* UIKit.framework in Frameworks */,
				5BC189F818F4E91200DFD0F0 /* Foundation.framework in Frameworks */,
			);
			runOnlyForDeploymentPostprocessing = 0;
		};
/* End PBXFrameworksBuildPhase section */

/* Begin PBXGroup section */
		5BC189CB18F4E91200DFD0F0 = {
			isa = PBXGroup;
			children = (
				5BC189DD18F4E91200DFD0F0 /* CrystalBall */,
				5BC189FC18F4E91200DFD0F0 /* CrystalBallTests */,
				5BC189D618F4E91200DFD0F0 /* Frameworks */,
				5BC189D518F4E91200DFD0F0 /* Products */,
			);
			sourceTree = "<group>";
		};
		5BC189D518F4E91200DFD0F0 /* Products */ = {
			isa = PBXGroup;
			children = (
				5BC189D418F4E91200DFD0F0 /* CrystalBall.app */,
				5BC189F518F4E91200DFD0F0 /* CrystalBallTests.xctest */,
			);
			name = Products;
			sourceTree = "<group>";
		};
		5BC189D618F4E91200DFD0F0 /* Frameworks */ = {
			isa = PBXGroup;
			children = (
				5BC189D718F4E91200DFD0F0 /* Foundation.framework */,
				5BC189D918F4E91200DFD0F0 /* CoreGraphics.framework */,
				5BC189DB18F4E91200DFD0F0 /* UIKit.framework */,
				5BC189F618F4E91200DFD0F0 /* XCTest.framework */,
			);
			name = Frameworks;
			sourceTree = "<group>";
		};
		5BC189DD18F4E91200DFD0F0 /* CrystalBall */ = {
			isa = PBXGroup;
			children = (
				5BC189E918F4E91200DFD0F0 /* Main.storyboard */,
				5BC189EC18F4E91200DFD0F0 /* ABViewController.h */,
				5BC189ED18F4E91200DFD0F0 /* ABViewController.m */,
				5BC189EF18F4E91200DFD0F0 /* Images.xcassets */,
				5BC189DE18F4E91200DFD0F0 /* Supporting Files */,
				5BC18A0C18F5098000DFD0F0 /* ABCrystalBall.h */,
				5BC18A0D18F5098000DFD0F0 /* ABCrystalBall.m */,
			);
			path = CrystalBall;
			sourceTree = "<group>";
		};
		5BC189DE18F4E91200DFD0F0 /* Supporting Files */ = {
			isa = PBXGroup;
			children = (
				5BC189E618F4E91200DFD0F0 /* ABAppDelegate.h */,
				5BC189E718F4E91200DFD0F0 /* ABAppDelegate.m */,
				5BC189DF18F4E91200DFD0F0 /* CrystalBall-Info.plist */,
				5BC189E018F4E91200DFD0F0 /* InfoPlist.strings */,
				5BC189E318F4E91200DFD0F0 /* main.m */,
				5BC189E518F4E91200DFD0F0 /* CrystalBall-Prefix.pch */,
			);
			name = "Supporting Files";
			sourceTree = "<group>";
		};
		5BC189FC18F4E91200DFD0F0 /* CrystalBallTests */ = {
			isa = PBXGroup;
			children = (
				5BC18A0218F4E91200DFD0F0 /* CrystalBallTests.m */,
				5BC189FD18F4E91200DFD0F0 /* Supporting Files */,
			);
			path = CrystalBallTests;
			sourceTree = "<group>";
		};
		5BC189FD18F4E91200DFD0F0 /* Supporting Files */ = {
			isa = PBXGroup;
			children = (
				5BC189FE18F4E91200DFD0F0 /* CrystalBallTests-Info.plist */,
				5BC189FF18F4E91200DFD0F0 /* InfoPlist.strings */,
			);
			name = "Supporting Files";
			sourceTree = "<group>";
		};
/* End PBXGroup section */

/* Begin PBXNativeTarget section */
		5BC189D318F4E91200DFD0F0 /* CrystalBall */ = {
			isa = PBXNativeTarget;
			buildConfigurationList = 5BC18A0618F4E91200DFD0F0 /* Build configuration list for PBXNativeTarget "CrystalBall" */;
			buildPhases = (
				5BC189D018F4E91200DFD0F0 /* Sources */,
				5BC189D118F4E91200DFD0F0 /* Frameworks */,
				5BC189D218F4E91200DFD0F0 /* Resources */,
			);
			buildRules = (
			);
			dependencies = (
			);
			name = CrystalBall;
			productName = CrystalBall;
			productReference = 5BC189D418F4E91200DFD0F0 /* CrystalBall.app */;
			productType = "com.apple.product-type.application";
		};
		5BC189F418F4E91200DFD0F0 /* CrystalBallTests */ = {
			isa = PBXNativeTarget;
			buildConfigurationList = 5BC18A0918F4E91200DFD0F0 /* Build configuration list for PBXNativeTarget "CrystalBallTests" */;
			buildPhases = (
				5BC189F118F4E91200DFD0F0 /* Sources */,
				5BC189F218F4E91200DFD0F0 /* Frameworks */,
				5BC189F318F4E91200DFD0F0 /* Resources */,
			);
			buildRules = (
			);
			dependencies = (
				5BC189FB18F4E91200DFD0F0 /* PBXTargetDependency */,
			);
			name = CrystalBallTests;
			productName = CrystalBallTests;
			productReference = 5BC189F518F4E91200DFD0F0 /* CrystalBallTests.xctest */;
			productType = "com.apple.product-type.bundle.unit-test";
		};
/* End PBXNativeTarget section */

/* Begin PBXProject section */
		5BC189CC18F4E91200DFD0F0 /* Project object */ = {
			isa = PBXProject;
			attributes = {
				CLASSPREFIX = AB;
				LastUpgradeCheck = 0510;
				ORGANIZATIONNAME = "Alex Bezuska";
				TargetAttributes = {
					5BC189D318F4E91200DFD0F0 = {
						DevelopmentTeam = Y2WXFGEP46;
					};
					5BC189F418F4E91200DFD0F0 = {
						TestTargetID = 5BC189D318F4E91200DFD0F0;
					};
				};
			};
			buildConfigurationList = 5BC189CF18F4E91200DFD0F0 /* Build configuration list for PBXProject "CrystalBall" */;
			compatibilityVersion = "Xcode 3.2";
			developmentRegion = English;
			hasScannedForEncodings = 0;
			knownRegions = (
				en,
				Base,
			);
			mainGroup = 5BC189CB18F4E91200DFD0F0;
			productRefGroup = 5BC189D518F4E91200DFD0F0 /* Products */;
			projectDirPath = "";
			projectRoot = "";
			targets = (
				5BC189D318F4E91200DFD0F0 /* CrystalBall */,
				5BC189F418F4E91200DFD0F0 /* CrystalBallTests */,
			);
		};
/* End PBXProject section */

/* Begin PBXResourcesBuildPhase section */
		5BC189D218F4E91200DFD0F0 /* Resources */ = {
			isa = PBXResourcesBuildPhase;
			buildActionMask = 2147483647;
			files = (
				5BC189F018F4E91200DFD0F0 /* Images.xcassets in Resources */,
				5BC189E218F4E91200DFD0F0 /* InfoPlist.strings in Resources */,
				5BC189EB18F4E91200DFD0F0 /* Main.storyboard in Resources */,
			);
			runOnlyForDeploymentPostprocessing = 0;
		};
		5BC189F318F4E91200DFD0F0 /* Resources */ = {
			isa = PBXResourcesBuildPhase;
			buildActionMask = 2147483647;
			files = (
				5BC18A0118F4E91200DFD0F0 /* InfoPlist.strings in Resources */,
			);
			runOnlyForDeploymentPostprocessing = 0;
		};
/* End PBXResourcesBuildPhase section */

/* Begin PBXSourcesBuildPhase section */
		5BC189D018F4E91200DFD0F0 /* Sources */ = {
			isa = PBXSourcesBuildPhase;
			buildActionMask = 2147483647;
			files = (
				5BC189E418F4E91200DFD0F0 /* main.m in Sources */,
				5BC189EE18F4E91200DFD0F0 /* ABViewController.m in Sources */,
				5BC18A0E18F5098000DFD0F0 /* ABCrystalBall.m in Sources */,
				5BC189E818F4E91200DFD0F0 /* ABAppDelegate.m in Sources */,
			);
			runOnlyForDeploymentPostprocessing = 0;
		};
		5BC189F118F4E91200DFD0F0 /* Sources */ = {
			isa = PBXSourcesBuildPhase;
			buildActionMask = 2147483647;
			files = (
				5BC18A0318F4E91200DFD0F0 /* CrystalBallTests.m in Sources */,
			);
			runOnlyForDeploymentPostprocessing = 0;
		};
/* End PBXSourcesBuildPhase section */

/* Begin PBXTargetDependency section */
		5BC189FB18F4E91200DFD0F0 /* PBXTargetDependency */ = {
			isa = PBXTargetDependency;
			target = 5BC189D318F4E91200DFD0F0 /* CrystalBall */;
			targetProxy = 5BC189FA18F4E91200DFD0F0 /* PBXContainerItemProxy */;
		};
/* End PBXTargetDependency section */

/* Begin PBXVariantGroup section */
		5BC189E018F4E91200DFD0F0 /* InfoPlist.strings */ = {
			isa = PBXVariantGroup;
			children = (
				5BC189E118F4E91200DFD0F0 /* en */,
			);
			name = InfoPlist.strings;
			sourceTree = "<group>";
		};
		5BC189E918F4E91200DFD0F0 /* Main.storyboard */ = {
			isa = PBXVariantGroup;
			children = (
				5BC189EA18F4E91200DFD0F0 /* Base */,
			);
			name = Main.storyboard;
			sourceTree = "<group>";
		};
		5BC189FF18F4E91200DFD0F0 /* InfoPlist.strings */ = {
			isa = PBXVariantGroup;
			children = (
				5BC18A0018F4E91200DFD0F0 /* en */,
			);
			name = InfoPlist.strings;
			sourceTree = "<group>";
		};
/* End PBXVariantGroup section */

/* Begin XCBuildConfiguration section */
		5BC18A0418F4E91200DFD0F0 /* Debug */ = {
			isa = XCBuildConfiguration;
			buildSettings = {
				ALWAYS_SEARCH_USER_PATHS = NO;
				CLANG_CXX_LANGUAGE_STANDARD = "gnu++0x";
				CLANG_CXX_LIBRARY = "libc++";
				CLANG_ENABLE_MODULES = YES;
				CLANG_ENABLE_OBJC_ARC = YES;
				CLANG_WARN_BOOL_CONVERSION = YES;
				CLANG_WARN_CONSTANT_CONVERSION = YES;
				CLANG_WARN_DIRECT_OBJC_ISA_USAGE = YES_ERROR;
				CLANG_WARN_EMPTY_BODY = YES;
				CLANG_WARN_ENUM_CONVERSION = YES;
				CLANG_WARN_INT_CONVERSION = YES;
				CLANG_WARN_OBJC_ROOT_CLASS = YES_ERROR;
				CLANG_WARN__DUPLICATE_METHOD_MATCH = YES;
				"CODE_SIGN_IDENTITY[sdk=iphoneos*]" = "iPhone Developer";
				COPY_PHASE_STRIP = NO;
				GCC_C_LANGUAGE_STANDARD = gnu99;
				GCC_DYNAMIC_NO_PIC = NO;
				GCC_OPTIMIZATION_LEVEL = 0;
				GCC_PREPROCESSOR_DEFINITIONS = (
					"DEBUG=1",
					"$(inherited)",
				);
				GCC_SYMBOLS_PRIVATE_EXTERN = NO;
				GCC_WARN_64_TO_32_BIT_CONVERSION = YES;
				GCC_WARN_ABOUT_RETURN_TYPE = YES_ERROR;
				GCC_WARN_UNDECLARED_SELECTOR = YES;
				GCC_WARN_UNINITIALIZED_AUTOS = YES_AGGRESSIVE;
				GCC_WARN_UNUSED_FUNCTION = YES;
				GCC_WARN_UNUSED_VARIABLE = YES;
				IPHONEOS_DEPLOYMENT_TARGET = 7.1;
				ONLY_ACTIVE_ARCH = YES;
				SDKROOT = iphoneos;
			};
			name = Debug;
		};
		5BC18A0518F4E91200DFD0F0 /* Release */ = {
			isa = XCBuildConfiguration;
			buildSettings = {
				ALWAYS_SEARCH_USER_PATHS = NO;
				CLANG_CXX_LANGUAGE_STANDARD = "gnu++0x";
				CLANG_CXX_LIBRARY = "libc++";
				CLANG_ENABLE_MODULES = YES;
				CLANG_ENABLE_OBJC_ARC = YES;
				CLANG_WARN_BOOL_CONVERSION = YES;
				CLANG_WARN_CONSTANT_CONVERSION = YES;
				CLANG_WARN_DIRECT_OBJC_ISA_USAGE = YES_ERROR;
				CLANG_WARN_EMPTY_BODY = YES;
				CLANG_WARN_ENUM_CONVERSION = YES;
				CLANG_WARN_INT_CONVERSION = YES;
				CLANG_WARN_OBJC_ROOT_CLASS = YES_ERROR;
				CLANG_WARN__DUPLICATE_METHOD_MATCH = YES;
				"CODE_SIGN_IDENTITY[sdk=iphoneos*]" = "iPhone Developer";
				COPY_PHASE_STRIP = YES;
				ENABLE_NS_ASSERTIONS = NO;
				GCC_C_LANGUAGE_STANDARD = gnu99;
				GCC_WARN_64_TO_32_BIT_CONVERSION = YES;
				GCC_WARN_ABOUT_RETURN_TYPE = YES_ERROR;
				GCC_WARN_UNDECLARED_SELECTOR = YES;
				GCC_WARN_UNINITIALIZED_AUTOS = YES_AGGRESSIVE;
				GCC_WARN_UNUSED_FUNCTION = YES;
				GCC_WARN_UNUSED_VARIABLE = YES;
				IPHONEOS_DEPLOYMENT_TARGET = 7.1;
				SDKROOT = iphoneos;
				VALIDATE_PRODUCT = YES;
			};
			name = Release;
		};
		5BC18A0718F4E91200DFD0F0 /* Debug */ = {
			isa = XCBuildConfiguration;
			buildSettings = {
				ASSETCATALOG_COMPILER_APPICON_NAME = AppIcon;
				ASSETCATALOG_COMPILER_LAUNCHIMAGE_NAME = LaunchImage;
				CODE_SIGN_IDENTITY = "iPhone Developer";
				"CODE_SIGN_IDENTITY[sdk=iphoneos*]" = "iPhone Developer";
				GCC_PRECOMPILE_PREFIX_HEADER = YES;
				GCC_PREFIX_HEADER = "CrystalBall/CrystalBall-Prefix.pch";
				INFOPLIST_FILE = "CrystalBall/CrystalBall-Info.plist";
				PRODUCT_NAME = "$(TARGET_NAME)";
				PROVISIONING_PROFILE = "";
				WRAPPER_EXTENSION = app;
			};
			name = Debug;
		};
		5BC18A0818F4E91200DFD0F0 /* Release */ = {
			isa = XCBuildConfiguration;
			buildSettings = {
				ASSETCATALOG_COMPILER_APPICON_NAME = AppIcon;
				ASSETCATALOG_COMPILER_LAUNCHIMAGE_NAME = LaunchImage;
				CODE_SIGN_IDENTITY = "iPhone Developer";
				"CODE_SIGN_IDENTITY[sdk=iphoneos*]" = "iPhone Developer";
				GCC_PRECOMPILE_PREFIX_HEADER = YES;
				GCC_PREFIX_HEADER = "CrystalBall/CrystalBall-Prefix.pch";
				INFOPLIST_FILE = "CrystalBall/CrystalBall-Info.plist";
				PRODUCT_NAME = "$(TARGET_NAME)";
				PROVISIONING_PROFILE = "";
				WRAPPER_EXTENSION = app;
			};
			name = Release;
		};
		5BC18A0A18F4E91200DFD0F0 /* Debug */ = {
			isa = XCBuildConfiguration;
			buildSettings = {
				BUNDLE_LOADER = "$(BUILT_PRODUCTS_DIR)/CrystalBall.app/CrystalBall";
				FRAMEWORK_SEARCH_PATHS = (
					"$(SDKROOT)/Developer/Library/Frameworks",
					"$(inherited)",
					"$(DEVELOPER_FRAMEWORKS_DIR)",
				);
				GCC_PRECOMPILE_PREFIX_HEADER = YES;
				GCC_PREFIX_HEADER = "CrystalBall/CrystalBall-Prefix.pch";
				GCC_PREPROCESSOR_DEFINITIONS = (
					"DEBUG=1",
					"$(inherited)",
				);
				INFOPLIST_FILE = "CrystalBallTests/CrystalBallTests-Info.plist";
				PRODUCT_NAME = "$(TARGET_NAME)";
				TEST_HOST = "$(BUNDLE_LOADER)";
				WRAPPER_EXTENSION = xctest;
			};
			name = Debug;
		};
		5BC18A0B18F4E91200DFD0F0 /* Release */ = {
			isa = XCBuildConfiguration;
			buildSettings = {
				BUNDLE_LOADER = "$(BUILT_PRODUCTS_DIR)/CrystalBall.app/CrystalBall";
				FRAMEWORK_SEARCH_PATHS = (
					"$(SDKROOT)/Developer/Library/Frameworks",
					"$(inherited)",
					"$(DEVELOPER_FRAMEWORKS_DIR)",
				);
				GCC_PRECOMPILE_PREFIX_HEADER = YES;
				GCC_PREFIX_HEADER = "CrystalBall/CrystalBall-Prefix.pch";
				INFOPLIST_FILE = "CrystalBallTests/CrystalBallTests-Info.plist";
				PRODUCT_NAME = "$(TARGET_NAME)";
				TEST_HOST = "$(BUNDLE_LOADER)";
				WRAPPER_EXTENSION = xctest;
			};
			name = Release;
		};
/* End XCBuildConfiguration section */

/* Begin XCConfigurationList section */
		5BC189CF18F4E91200DFD0F0 /* Build configuration list for PBXProject "CrystalBall" */ = {
			isa = XCConfigurationList;
			buildConfigurations = (
				5BC18A0418F4E91200DFD0F0 /* Debug */,
				5BC18A0518F4E91200DFD0F0 /* Release */,
			);
			defaultConfigurationIsVisible = 0;
			defaultConfigurationName = Release;
		};
		5BC18A0618F4E91200DFD0F0 /* Build configuration list for PBXNativeTarget "CrystalBall" */ = {
			isa = XCConfigurationList;
			buildConfigurations = (
				5BC18A0718F4E91200DFD0F0 /* Debug */,
				5BC18A0818F4E91200DFD0F0 /* Release */,
			);
			defaultConfigurationIsVisible = 0;
		};
		5BC18A0918F4E91200DFD0F0 /* Build configuration list for PBXNativeTarget "CrystalBallTests" */ = {
			isa = XCConfigurationList;
			buildConfigurations = (
				5BC18A0A18F4E91200DFD0F0 /* Debug */,
				5BC18A0B18F4E91200DFD0F0 /* Release */,
			);
			defaultConfigurationIsVisible = 0;
		};
/* End XCConfigurationList section */
	};
	rootObject = 5BC189CC18F4E91200DFD0F0 /* Project object */;
}
